
Microsoft Visual Studio Solution File, Format Version 12.00
# Visual Studio Version 17
VisualStudioVersion = 17.4.33213.308
MinimumVisualStudioVersion = 10.0.40219.1
Project("{FAE04EC0-301F-11D3-BF4B-00C04F79EFBC}") = "ChatGPT_API", "ChatGPT_API\ChatGPT_API.csproj", "{C62236D2-9564-404E-8004-0B5C1F1BD5DC}"
EndProject
Global
	GlobalSection(SolutionConfigurationPlatforms) = preSolution
		Debug|Any CPU = Debug|Any CPU
		Release|Any CPU = Release|Any CPU
	EndGlobalSection
	GlobalSection(ProjectConfigurationPlatforms) = postSolution
		{C62236D2-9564-404E-8004-0B5C1F1BD5DC}.Debug|Any CPU.ActiveCfg = Debug|Any CPU
		{C62236D2-9564-404E-8004-0B5C1F1BD5DC}.Debug|Any CPU.Build.0 = Debug|Any CPU
		{C62236D2-9564-404E-8004-0B5C1F1BD5DC}.Release|Any CPU.ActiveCfg = Release|Any CPU
		{C62236D2-9564-404E-8004-0B5C1F1BD5DC}.Release|Any CPU.Build.0 = Release|Any CPU
	EndGlobalSection
	GlobalSection(SolutionProperties) = preSolution
		HideSolutionNode = FALSE
	EndGlobalSection
	GlobalSection(ExtensibilityGlobals) = postSolution
		SolutionGuid = {1A1BD9E5-CA88-4177-AE05-A5A9379C8CC4}
	EndGlobalSection
EndGlobal
